// !$*UTF8*$!
{
	archiveVersion = 1;
	classes = {
	};
	objectVersion = 56;
	objects = {

/* Begin PBXBuildFile section */
		654BEB1F2C8F0598007CADBE /* AppDelegate.swift in Sources */ = {isa = PBXBuildFile; fileRef = 654BEB1E2C8F0598007CADBE /* AppDelegate.swift */; };
		654BEB212C8F0598007CADBE /* SceneDelegate.swift in Sources */ = {isa = PBXBuildFile; fileRef = 654BEB202C8F0598007CADBE /* SceneDelegate.swift */; };
		654BEB262C8F0598007CADBE /* Main.storyboard in Resources */ = {isa = PBXBuildFile; fileRef = 654BEB242C8F0598007CADBE /* Main.storyboard */; };
		654BEB282C8F0599007CADBE /* Assets.xcassets in Resources */ = {isa = PBXBuildFile; fileRef = 654BEB272C8F0599007CADBE /* Assets.xcassets */; };
		654BEB2B2C8F0599007CADBE /* LaunchScreen.storyboard in Resources */ = {isa = PBXBuildFile; fileRef = 654BEB292C8F0599007CADBE /* LaunchScreen.storyboard */; };
		654BEB342C8F05AB007CADBE /* GoogleMaps in Frameworks */ = {isa = PBXBuildFile; productRef = 654BEB332C8F05AB007CADBE /* GoogleMaps */; };
		659737652CA049FA0091194E /* Tileset.swift in Sources */ = {isa = PBXBuildFile; fileRef = 659737622CA049FA0091194E /* Tileset.swift */; };
		659737662CA049FA0091194E /* UrbanPlansResponse.swift in Sources */ = {isa = PBXBuildFile; fileRef = 659737632CA049FA0091194E /* UrbanPlansResponse.swift */; };
		659737672CA049FA0091194E /* UrbanPlan.swift in Sources */ = {isa = PBXBuildFile; fileRef = 659737642CA049FA0091194E /* UrbanPlan.swift */; };
		6597376D2CA04A270091194E /* MapViewController.swift in Sources */ = {isa = PBXBuildFile; fileRef = 6597376A2CA04A270091194E /* MapViewController.swift */; };
		6597376E2CA04A270091194E /* HomeViewController.swift in Sources */ = {isa = PBXBuildFile; fileRef = 6597376B2CA04A270091194E /* HomeViewController.swift */; };
/* End PBXBuildFile section */

/* Begin PBXFileReference section */
		654BEB1B2C8F0598007CADBE /* UrbanSK.app */ = {isa = PBXFileReference; explicitFileType = wrapper.application; includeInIndex = 0; path = UrbanSK.app; sourceTree = BUILT_PRODUCTS_DIR; };
		654BEB1E2C8F0598007CADBE /* AppDelegate.swift */ = {isa = PBXFileReference; lastKnownFileType = sourcecode.swift; path = AppDelegate.swift; sourceTree = "<group>"; };
		654BEB202C8F0598007CADBE /* SceneDelegate.swift */ = {isa = PBXFileReference; lastKnownFileType = sourcecode.swift; path = SceneDelegate.swift; sourceTree = "<group>"; };
		654BEB252C8F0598007CADBE /* Base */ = {isa = PBXFileReference; lastKnownFileType = file.storyboard; name = Base; path = Base.lproj/Main.storyboard; sourceTree = "<group>"; };
		654BEB272C8F0599007CADBE /* Assets.xcassets */ = {isa = PBXFileReference; lastKnownFileType = folder.assetcatalog; path = Assets.xcassets; sourceTree = "<group>"; };
		654BEB2A2C8F0599007CADBE /* Base */ = {isa = PBXFileReference; lastKnownFileType = file.storyboard; name = Base; path = Base.lproj/LaunchScreen.storyboard; sourceTree = "<group>"; };
		654BEB2C2C8F0599007CADBE /* Info.plist */ = {isa = PBXFileReference; lastKnownFileType = text.plist.xml; path = Info.plist; sourceTree = "<group>"; };
		659737622CA049FA0091194E /* Tileset.swift */ = {isa = PBXFileReference; fileEncoding = 4; lastKnownFileType = sourcecode.swift; path = Tileset.swift; sourceTree = "<group>"; };
		659737632CA049FA0091194E /* UrbanPlansResponse.swift */ = {isa = PBXFileReference; fileEncoding = 4; lastKnownFileType = sourcecode.swift; path = UrbanPlansResponse.swift; sourceTree = "<group>"; };
		659737642CA049FA0091194E /* UrbanPlan.swift */ = {isa = PBXFileReference; fileEncoding = 4; lastKnownFileType = sourcecode.swift; path = UrbanPlan.swift; sourceTree = "<group>"; };
		6597376A2CA04A270091194E /* MapViewController.swift */ = {isa = PBXFileReference; fileEncoding = 4; lastKnownFileType = sourcecode.swift; path = MapViewController.swift; sourceTree = "<group>"; };
		6597376B2CA04A270091194E /* HomeViewController.swift */ = {isa = PBXFileReference; fileEncoding = 4; lastKnownFileType = sourcecode.swift; path = HomeViewController.swift; sourceTree = "<group>"; };
/* End PBXFileReference section */

/* Begin PBXFrameworksBuildPhase section */
		654BEB182C8F0598007CADBE /* Frameworks */ = {
			isa = PBXFrameworksBuildPhase;
			buildActionMask = 2147483647;
			files = (
				654BEB342C8F05AB007CADBE /* GoogleMaps in Frameworks */,
			);
			runOnlyForDeploymentPostprocessing = 0;
		};
/* End PBXFrameworksBuildPhase section */

/* Begin PBXGroup section */
		654BEB122C8F0598007CADBE = {
			isa = PBXGroup;
			children = (
				654BEB1D2C8F0598007CADBE /* UrbanSK */,
				654BEB1C2C8F0598007CADBE /* Products */,
			);
			sourceTree = "<group>";
		};
		654BEB1C2C8F0598007CADBE /* Products */ = {
			isa = PBXGroup;
			children = (
				654BEB1B2C8F0598007CADBE /* UrbanSK.app */,
			);
			name = Products;
			sourceTree = "<group>";
		};
		654BEB1D2C8F0598007CADBE /* UrbanSK */ = {
			isa = PBXGroup;
			children = (
				659737682CA04A270091194E /* view */,
				659737612CA049FA0091194E /* model */,
				654BEB1E2C8F0598007CADBE /* AppDelegate.swift */,
				654BEB202C8F0598007CADBE /* SceneDelegate.swift */,
				654BEB242C8F0598007CADBE /* Main.storyboard */,
				654BEB272C8F0599007CADBE /* Assets.xcassets */,
				654BEB292C8F0599007CADBE /* LaunchScreen.storyboard */,
				654BEB2C2C8F0599007CADBE /* Info.plist */,
			);
			path = UrbanSK;
			sourceTree = "<group>";
		};
		659737612CA049FA0091194E /* model */ = {
			isa = PBXGroup;
			children = (
				659737622CA049FA0091194E /* Tileset.swift */,
				659737632CA049FA0091194E /* UrbanPlansResponse.swift */,
				659737642CA049FA0091194E /* UrbanPlan.swift */,
			);
			path = model;
			sourceTree = "<group>";
		};
		659737682CA04A270091194E /* view */ = {
			isa = PBXGroup;
			children = (
				6597376A2CA04A270091194E /* MapViewController.swift */,
				6597376B2CA04A270091194E /* HomeViewController.swift */,
			);
			path = view;
			sourceTree = "<group>";
		};
/* End PBXGroup section */

/* Begin PBXNativeTarget section */
		654BEB1A2C8F0598007CADBE /* UrbanSK */ = {
			isa = PBXNativeTarget;
			buildConfigurationList = 654BEB2F2C8F0599007CADBE /* Build configuration list for PBXNativeTarget "UrbanSK" */;
			buildPhases = (
				654BEB172C8F0598007CADBE /* Sources */,
				654BEB182C8F0598007CADBE /* Frameworks */,
				654BEB192C8F0598007CADBE /* Resources */,
			);
			buildRules = (
			);
			dependencies = (
			);
			name = UrbanSK;
			packageProductDependencies = (
				654BEB332C8F05AB007CADBE /* GoogleMaps */,
			);
			productName = UrbanSK;
			productReference = 654BEB1B2C8F0598007CADBE /* UrbanSK.app */;
			productType = "com.apple.product-type.application";
		};
/* End PBXNativeTarget section */

/* Begin PBXProject section */
		654BEB132C8F0598007CADBE /* Project object */ = {
			isa = PBXProject;
			attributes = {
				BuildIndependentTargetsInParallel = 1;
				LastSwiftUpdateCheck = 1500;
				LastUpgradeCheck = 1500;
				TargetAttributes = {
					654BEB1A2C8F0598007CADBE = {
						CreatedOnToolsVersion = 15.0.1;
					};
				};
			};
			buildConfigurationList = 654BEB162C8F0598007CADBE /* Build configuration list for PBXProject "UrbanSK" */;
			compatibilityVersion = "Xcode 14.0";
			developmentRegion = en;
			hasScannedForEncodings = 0;
			knownRegions = (
				en,
				Base,
			);
			mainGroup = 654BEB122C8F0598007CADBE;
			packageReferences = (
				654BEB322C8F05AB007CADBE /* XCRemoteSwiftPackageReference "ios-maps-sdk" */,
			);
			productRefGroup = 654BEB1C2C8F0598007CADBE /* Products */;
			projectDirPath = "";
			projectRoot = "";
			targets = (
				654BEB1A2C8F0598007CADBE /* UrbanSK */,
			);
		};
/* End PBXProject section */

/* Begin PBXResourcesBuildPhase section */
		654BEB192C8F0598007CADBE /* Resources */ = {
			isa = PBXResourcesBuildPhase;
			buildActionMask = 2147483647;
			files = (
				654BEB2B2C8F0599007CADBE /* LaunchScreen.storyboard in Resources */,
				654BEB282C8F0599007CADBE /* Assets.xcassets in Resources */,
				654BEB262C8F0598007CADBE /* Main.storyboard in Resources */,
			);
			runOnlyForDeploymentPostprocessing = 0;
		};
/* End PBXResourcesBuildPhase section */

/* Begin PBXSourcesBuildPhase section */
		654BEB172C8F0598007CADBE /* Sources */ = {
			isa = PBXSourcesBuildPhase;
			buildActionMask = 2147483647;
			files = (
				659737652CA049FA0091194E /* Tileset.swift in Sources */,
				654BEB1F2C8F0598007CADBE /* AppDelegate.swift in Sources */,
				6597376E2CA04A270091194E /* HomeViewController.swift in Sources */,
				654BEB212C8F0598007CADBE /* SceneDelegate.swift in Sources */,
				6597376D2CA04A270091194E /* MapViewController.swift in Sources */,
				659737672CA049FA0091194E /* UrbanPlan.swift in Sources */,
				659737662CA049FA0091194E /* UrbanPlansResponse.swift in Sources */,
			);
			runOnlyForDeploymentPostprocessing = 0;
		};
/* End PBXSourcesBuildPhase section */

/* Begin PBXVariantGroup section */
		654BEB242C8F0598007CADBE /* Main.storyboard */ = {
			isa = PBXVariantGroup;
			children = (
				654BEB252C8F0598007CADBE /* Base */,
			);
			name = Main.storyboard;
			sourceTree = "<group>";
		};
		654BEB292C8F0599007CADBE /* LaunchScreen.storyboard */ = {
			isa = PBXVariantGroup;
			children = (
				654BEB2A2C8F0599007CADBE /* Base */,
			);
			name = LaunchScreen.storyboard;
			sourceTree = "<group>";
		};
/* End PBXVariantGroup section */

/* Begin XCBuildConfiguration section */
		654BEB2D2C8F0599007CADBE /* Debug */ = {
			isa = XCBuildConfiguration;
			buildSettings = {
				ALWAYS_SEARCH_USER_PATHS = NO;
				ASSETCATALOG_COMPILER_GENERATE_SWIFT_ASSET_SYMBOL_EXTENSIONS = YES;
				CLANG_ANALYZER_NONNULL = YES;
				CLANG_ANALYZER_NUMBER_OBJECT_CONVERSION = YES_AGGRESSIVE;
				CLANG_CXX_LANGUAGE_STANDARD = "gnu++20";
				CLANG_ENABLE_MODULES = YES;
				CLANG_ENABLE_OBJC_ARC = YES;
				CLANG_ENABLE_OBJC_WEAK = YES;
				CLANG_WARN_BLOCK_CAPTURE_AUTORELEASING = YES;
				CLANG_WARN_BOOL_CONVERSION = YES;
				CLANG_WARN_COMMA = YES;
				CLANG_WARN_CONSTANT_CONVERSION = YES;
				CLANG_WARN_DEPRECATED_OBJC_IMPLEMENTATIONS = YES;
				CLANG_WARN_DIRECT_OBJC_ISA_USAGE = YES_ERROR;
				CLANG_WARN_DOCUMENTATION_COMMENTS = YES;
				CLANG_WARN_EMPTY_BODY = YES;
				CLANG_WARN_ENUM_CONVERSION = YES;
				CLANG_WARN_INFINITE_RECURSION = YES;
				CLANG_WARN_INT_CONVERSION = YES;
				CLANG_WARN_NON_LITERAL_NULL_CONVERSION = YES;
				CLANG_WARN_OBJC_IMPLICIT_RETAIN_SELF = YES;
				CLANG_WARN_OBJC_LITERAL_CONVERSION = YES;
				CLANG_WARN_OBJC_ROOT_CLASS = YES_ERROR;
				CLANG_WARN_QUOTED_INCLUDE_IN_FRAMEWORK_HEADER = YES;
				CLANG_WARN_RANGE_LOOP_ANALYSIS = YES;
				CLANG_WARN_STRICT_PROTOTYPES = YES;
				CLANG_WARN_SUSPICIOUS_MOVE = YES;
				CLANG_WARN_UNGUARDED_AVAILABILITY = YES_AGGRESSIVE;
				CLANG_WARN_UNREACHABLE_CODE = YES;
				CLANG_WARN__DUPLICATE_METHOD_MATCH = YES;
				COPY_PHASE_STRIP = NO;
				DEBUG_INFORMATION_FORMAT = dwarf;
				ENABLE_STRICT_OBJC_MSGSEND = YES;
				ENABLE_TESTABILITY = YES;
				ENABLE_USER_SCRIPT_SANDBOXING = YES;
				GCC_C_LANGUAGE_STANDARD = gnu17;
				GCC_DYNAMIC_NO_PIC = NO;
				GCC_NO_COMMON_BLOCKS = YES;
				GCC_OPTIMIZATION_LEVEL = 0;
				GCC_PREPROCESSOR_DEFINITIONS = (
					"DEBUG=1",
					"$(inherited)",
				);
				GCC_WARN_64_TO_32_BIT_CONVERSION = YES;
				GCC_WARN_ABOUT_RETURN_TYPE = YES_ERROR;
				GCC_WARN_UNDECLARED_SELECTOR = YES;
				GCC_WARN_UNINITIALIZED_AUTOS = YES_AGGRESSIVE;
				GCC_WARN_UNUSED_FUNCTION = YES;
				GCC_WARN_UNUSED_VARIABLE = YES;
				IPHONEOS_DEPLOYMENT_TARGET = 17.0;
				LOCALIZATION_PREFERS_STRING_CATALOGS = YES;
				MTL_ENABLE_DEBUG_INFO = INCLUDE_SOURCE;
				MTL_FAST_MATH = YES;
				ONLY_ACTIVE_ARCH = YES;
				SDKROOT = iphoneos;
				SWIFT_ACTIVE_COMPILATION_CONDITIONS = "DEBUG $(inherited)";
				SWIFT_OPTIMIZATION_LEVEL = "-Onone";
			};
			name = Debug;
		};
		654BEB2E2C8F0599007CADBE /* Release */ = {
			isa = XCBuildConfiguration;
			buildSettings = {
				ALWAYS_SEARCH_USER_PATHS = NO;
				ASSETCATALOG_COMPILER_GENERATE_SWIFT_ASSET_SYMBOL_EXTENSIONS = YES;
				CLANG_ANALYZER_NONNULL = YES;
				CLANG_ANALYZER_NUMBER_OBJECT_CONVERSION = YES_AGGRESSIVE;
				CLANG_CXX_LANGUAGE_STANDARD = "gnu++20";
				CLANG_ENABLE_MODULES = YES;
				CLANG_ENABLE_OBJC_ARC = YES;
				CLANG_ENABLE_OBJC_WEAK = YES;
				CLANG_WARN_BLOCK_CAPTURE_AUTORELEASING = YES;
				CLANG_WARN_BOOL_CONVERSION = YES;
				CLANG_WARN_COMMA = YES;
				CLANG_WARN_CONSTANT_CONVERSION = YES;
				CLANG_WARN_DEPRECATED_OBJC_IMPLEMENTATIONS = YES;
				CLANG_WARN_DIRECT_OBJC_ISA_USAGE = YES_ERROR;
				CLANG_WARN_DOCUMENTATION_COMMENTS = YES;
				CLANG_WARN_EMPTY_BODY = YES;
				CLANG_WARN_ENUM_CONVERSION = YES;
				CLANG_WARN_INFINITE_RECURSION = YES;
				CLANG_WARN_INT_CONVERSION = YES;
				CLANG_WARN_NON_LITERAL_NULL_CONVERSION = YES;
				CLANG_WARN_OBJC_IMPLICIT_RETAIN_SELF = YES;
				CLANG_WARN_OBJC_LITERAL_CONVERSION = YES;
				CLANG_WARN_OBJC_ROOT_CLASS = YES_ERROR;
				CLANG_WARN_QUOTED_INCLUDE_IN_FRAMEWORK_HEADER = YES;
				CLANG_WARN_RANGE_LOOP_ANALYSIS = YES;
				CLANG_WARN_STRICT_PROTOTYPES = YES;
				CLANG_WARN_SUSPICIOUS_MOVE = YES;
				CLANG_WARN_UNGUARDED_AVAILABILITY = YES_AGGRESSIVE;
				CLANG_WARN_UNREACHABLE_CODE = YES;
				CLANG_WARN__DUPLICATE_METHOD_MATCH = YES;
				COPY_PHASE_STRIP = NO;
				DEBUG_INFORMATION_FORMAT = "dwarf-with-dsym";
				ENABLE_NS_ASSERTIONS = NO;
				ENABLE_STRICT_OBJC_MSGSEND = YES;
				ENABLE_USER_SCRIPT_SANDBOXING = YES;
				GCC_C_LANGUAGE_STANDARD = gnu17;
				GCC_NO_COMMON_BLOCKS = YES;
				GCC_WARN_64_TO_32_BIT_CONVERSION = YES;
				GCC_WARN_ABOUT_RETURN_TYPE = YES_ERROR;
				GCC_WARN_UNDECLARED_SELECTOR = YES;
				GCC_WARN_UNINITIALIZED_AUTOS = YES_AGGRESSIVE;
				GCC_WARN_UNUSED_FUNCTION = YES;
				GCC_WARN_UNUSED_VARIABLE = YES;
				IPHONEOS_DEPLOYMENT_TARGET = 17.0;
				LOCALIZATION_PREFERS_STRING_CATALOGS = YES;
				MTL_ENABLE_DEBUG_INFO = NO;
				MTL_FAST_MATH = YES;
				SDKROOT = iphoneos;
				SWIFT_COMPILATION_MODE = wholemodule;
				VALIDATE_PRODUCT = YES;
			};
			name = Release;
		};
		654BEB302C8F0599007CADBE /* Debug */ = {
			isa = XCBuildConfiguration;
			buildSettings = {
				ASSETCATALOG_COMPILER_APPICON_NAME = AppIcon;
				ASSETCATALOG_COMPILER_GLOBAL_ACCENT_COLOR_NAME = AccentColor;
				CODE_SIGN_STYLE = Automatic;
				CURRENT_PROJECT_VERSION = 1;
				DEVELOPMENT_TEAM = T6CTJLAAH6;
				GENERATE_INFOPLIST_FILE = YES;
				INFOPLIST_FILE = UrbanSK/Info.plist;
				INFOPLIST_KEY_UIApplicationSupportsIndirectInputEvents = YES;
				INFOPLIST_KEY_UILaunchStoryboardName = LaunchScreen;
				INFOPLIST_KEY_UIMainStoryboardFile = Main;
				INFOPLIST_KEY_UISupportedInterfaceOrientations_iPad = "UIInterfaceOrientationPortrait UIInterfaceOrientationPortraitUpsideDown UIInterfaceOrientationLandscapeLeft UIInterfaceOrientationLandscapeRight";
				INFOPLIST_KEY_UISupportedInterfaceOrientations_iPhone = "UIInterfaceOrientationPortrait UIInterfaceOrientationLandscapeLeft UIInterfaceOrientationLandscapeRight";
				LD_RUNPATH_SEARCH_PATHS = (
					"$(inherited)",
					"@executable_path/Frameworks",
				);
				MARKETING_VERSION = 1.0;
				PRODUCT_BUNDLE_IDENTIFIER = SimonaKostovska.UrbanSK;
				PRODUCT_NAME = "$(TARGET_NAME)";
				SWIFT_EMIT_LOC_STRINGS = YES;
				SWIFT_VERSION = 5.0;
				TARGETED_DEVICE_FAMILY = "1,2";
			};
			name = Debug;
		};
		654BEB312C8F0599007CADBE /* Release */ = {
			isa = XCBuildConfiguration;
			buildSettings = {
				ASSETCATALOG_COMPILER_APPICON_NAME = AppIcon;
				ASSETCATALOG_COMPILER_GLOBAL_ACCENT_COLOR_NAME = AccentColor;
				CODE_SIGN_STYLE = Automatic;
				CURRENT_PROJECT_VERSION = 1;
				DEVELOPMENT_TEAM = T6CTJLAAH6;
				GENERATE_INFOPLIST_FILE = YES;
				INFOPLIST_FILE = UrbanSK/Info.plist;
				INFOPLIST_KEY_UIApplicationSupportsIndirectInputEvents = YES;
				INFOPLIST_KEY_UILaunchStoryboardName = LaunchScreen;
				INFOPLIST_KEY_UIMainStoryboardFile = Main;
				INFOPLIST_KEY_UISupportedInterfaceOrientations_iPad = "UIInterfaceOrientationPortrait UIInterfaceOrientationPortraitUpsideDown UIInterfaceOrientationLandscapeLeft UIInterfaceOrientationLandscapeRight";
				INFOPLIST_KEY_UISupportedInterfaceOrientations_iPhone = "UIInterfaceOrientationPortrait UIInterfaceOrientationLandscapeLeft UIInterfaceOrientationLandscapeRight";
				LD_RUNPATH_SEARCH_PATHS = (
					"$(inherited)",
					"@executable_path/Frameworks",
				);
				MARKETING_VERSION = 1.0;
				PRODUCT_BUNDLE_IDENTIFIER = SimonaKostovska.UrbanSK;
				PRODUCT_NAME = "$(TARGET_NAME)";
				SWIFT_EMIT_LOC_STRINGS = YES;
				SWIFT_VERSION = 5.0;
				TARGETED_DEVICE_FAMILY = "1,2";
			};
			name = Release;
		};
/* End XCBuildConfiguration section */

/* Begin XCConfigurationList section */
		654BEB162C8F0598007CADBE /* Build configuration list for PBXProject "UrbanSK" */ = {
			isa = XCConfigurationList;
			buildConfigurations = (
				654BEB2D2C8F0599007CADBE /* Debug */,
				654BEB2E2C8F0599007CADBE /* Release */,
			);
			defaultConfigurationIsVisible = 0;
			defaultConfigurationName = Release;
		};
		654BEB2F2C8F0599007CADBE /* Build configuration list for PBXNativeTarget "UrbanSK" */ = {
			isa = XCConfigurationList;
			buildConfigurations = (
				654BEB302C8F0599007CADBE /* Debug */,
				654BEB312C8F0599007CADBE /* Release */,
			);
			defaultConfigurationIsVisible = 0;
			defaultConfigurationName = Release;
		};
/* End XCConfigurationList section */

/* Begin XCRemoteSwiftPackageReference section */
		654BEB322C8F05AB007CADBE /* XCRemoteSwiftPackageReference "ios-maps-sdk" */ = {
			isa = XCRemoteSwiftPackageReference;
			repositoryURL = "https://github.com/googlemaps/ios-maps-sdk";
			requirement = {
				kind = upToNextMajorVersion;
				minimumVersion = 9.1.1;
			};
		};
/* End XCRemoteSwiftPackageReference section */

/* Begin XCSwiftPackageProductDependency section */
		654BEB332C8F05AB007CADBE /* GoogleMaps */ = {
			isa = XCSwiftPackageProductDependency;
			package = 654BEB322C8F05AB007CADBE /* XCRemoteSwiftPackageReference "ios-maps-sdk" */;
			productName = GoogleMaps;
		};
/* End XCSwiftPackageProductDependency section */
	};
	rootObject = 654BEB132C8F0598007CADBE /* Project object */;
}
